
Microsoft Visual Studio Solution File, Format Version 12.00
# Visual Studio 15
VisualStudioVersion = 15.0.26228.4
MinimumVisualStudioVersion = 10.0.40219.1
Project("{8BC9CEB8-8B4A-11D0-8D11-00A0C91BC942}") = "data_struct", "algorithms\algorithms.vcxproj", "{3F9C94C3-8861-45A0-AB92-E4EB552BBBCB}"
EndProject
Project("{8BC9CEB8-8B4A-11D0-8D11-00A0C91BC942}") = "dynamic_programming_1", "dynamic_programming_1\dynamic_programming_1.vcxproj", "{3FFEAB07-58C3-4092-AA82-79A5E529D615}"
EndProject
Project("{8BC9CEB8-8B4A-11D0-8D11-00A0C91BC942}") = "Huffman", "Huffman\Huffman.vcxproj", "{2D3939F8-2E9F-472A-BA10-166825B93D71}"
EndProject
Project("{8BC9CEB8-8B4A-11D0-8D11-00A0C91BC942}") = "MST_KRUSKAL", "MST_KRUSKAL\MST_KRUSKAL.vcxproj", "{09AD3FE3-074B-4E63-90DE-FA315275F17F}"
EndProject
Project("{8BC9CEB8-8B4A-11D0-8D11-00A0C91BC942}") = "MST_PRIM", "MST_PRIM\MST_PRIM.vcxproj", "{5D4A8F2F-0BE4-48FC-B939-E9B5AC54D2D2}"
EndProject
Project("{8BC9CEB8-8B4A-11D0-8D11-00A0C91BC942}") = "BFS", "BFS\BFS.vcxproj", "{35C8100C-3BB6-4268-AA10-462D0D4E33A1}"
EndProject
Project("{8BC9CEB8-8B4A-11D0-8D11-00A0C91BC942}") = "DFS", "DFS\DFS.vcxproj", "{33FF3E6E-C339-43EB-B744-B75B41B407B5}"
EndProject
Project("{8BC9CEB8-8B4A-11D0-8D11-00A0C91BC942}") = "topoSort", "topoSort\topoSort.vcxproj", "{2A1EE925-C9D8-4ADA-8DA0-32AC49962BE5}"
EndProject
Project("{8BC9CEB8-8B4A-11D0-8D11-00A0C91BC942}") = "Bellman-Ford", "Bellman-Ford\Bellman-Ford.vcxproj", "{6CE62C78-B7E0-44D0-9F32-C5D78EAA3491}"
EndProject
Project("{8BC9CEB8-8B4A-11D0-8D11-00A0C91BC942}") = "Dijkstra", "Dijkstra\Dijkstra.vcxproj", "{6BE06303-197C-4186-AF6C-E9883111DA32}"
EndProject
Global
	GlobalSection(SolutionConfigurationPlatforms) = preSolution
		Debug|x64 = Debug|x64
		Debug|x86 = Debug|x86
		Release|x64 = Release|x64
		Release|x86 = Release|x86
	EndGlobalSection
	GlobalSection(ProjectConfigurationPlatforms) = postSolution
		{3F9C94C3-8861-45A0-AB92-E4EB552BBBCB}.Debug|x64.ActiveCfg = Debug|x64
		{3F9C94C3-8861-45A0-AB92-E4EB552BBBCB}.Debug|x64.Build.0 = Debug|x64
		{3F9C94C3-8861-45A0-AB92-E4EB552BBBCB}.Debug|x86.ActiveCfg = Debug|Win32
		{3F9C94C3-8861-45A0-AB92-E4EB552BBBCB}.Debug|x86.Build.0 = Debug|Win32
		{3F9C94C3-8861-45A0-AB92-E4EB552BBBCB}.Release|x64.ActiveCfg = Release|x64
		{3F9C94C3-8861-45A0-AB92-E4EB552BBBCB}.Release|x64.Build.0 = Release|x64
		{3F9C94C3-8861-45A0-AB92-E4EB552BBBCB}.Release|x86.ActiveCfg = Release|Win32
		{3F9C94C3-8861-45A0-AB92-E4EB552BBBCB}.Release|x86.Build.0 = Release|Win32
		{3FFEAB07-58C3-4092-AA82-79A5E529D615}.Debug|x64.ActiveCfg = Debug|x64
		{3FFEAB07-58C3-4092-AA82-79A5E529D615}.Debug|x64.Build.0 = Debug|x64
		{3FFEAB07-58C3-4092-AA82-79A5E529D615}.Debug|x86.ActiveCfg = Debug|Win32
		{3FFEAB07-58C3-4092-AA82-79A5E529D615}.Debug|x86.Build.0 = Debug|Win32
		{3FFEAB07-58C3-4092-AA82-79A5E529D615}.Release|x64.ActiveCfg = Release|x64
		{3FFEAB07-58C3-4092-AA82-79A5E529D615}.Release|x64.Build.0 = Release|x64
		{3FFEAB07-58C3-4092-AA82-79A5E529D615}.Release|x86.ActiveCfg = Release|Win32
		{3FFEAB07-58C3-4092-AA82-79A5E529D615}.Release|x86.Build.0 = Release|Win32
		{2D3939F8-2E9F-472A-BA10-166825B93D71}.Debug|x64.ActiveCfg = Debug|x64
		{2D3939F8-2E9F-472A-BA10-166825B93D71}.Debug|x64.Build.0 = Debug|x64
		{2D3939F8-2E9F-472A-BA10-166825B93D71}.Debug|x86.ActiveCfg = Debug|Win32
		{2D3939F8-2E9F-472A-BA10-166825B93D71}.Debug|x86.Build.0 = Debug|Win32
		{2D3939F8-2E9F-472A-BA10-166825B93D71}.Release|x64.ActiveCfg = Release|x64
		{2D3939F8-2E9F-472A-BA10-166825B93D71}.Release|x64.Build.0 = Release|x64
		{2D3939F8-2E9F-472A-BA10-166825B93D71}.Release|x86.ActiveCfg = Release|Win32
		{2D3939F8-2E9F-472A-BA10-166825B93D71}.Release|x86.Build.0 = Release|Win32
		{09AD3FE3-074B-4E63-90DE-FA315275F17F}.Debug|x64.ActiveCfg = Debug|x64
		{09AD3FE3-074B-4E63-90DE-FA315275F17F}.Debug|x64.Build.0 = Debug|x64
		{09AD3FE3-074B-4E63-90DE-FA315275F17F}.Debug|x86.ActiveCfg = Debug|Win32
		{09AD3FE3-074B-4E63-90DE-FA315275F17F}.Debug|x86.Build.0 = Debug|Win32
		{09AD3FE3-074B-4E63-90DE-FA315275F17F}.Release|x64.ActiveCfg = Release|x64
		{09AD3FE3-074B-4E63-90DE-FA315275F17F}.Release|x64.Build.0 = Release|x64
		{09AD3FE3-074B-4E63-90DE-FA315275F17F}.Release|x86.ActiveCfg = Release|Win32
		{09AD3FE3-074B-4E63-90DE-FA315275F17F}.Release|x86.Build.0 = Release|Win32
		{5D4A8F2F-0BE4-48FC-B939-E9B5AC54D2D2}.Debug|x64.ActiveCfg = Debug|x64
		{5D4A8F2F-0BE4-48FC-B939-E9B5AC54D2D2}.Debug|x64.Build.0 = Debug|x64
		{5D4A8F2F-0BE4-48FC-B939-E9B5AC54D2D2}.Debug|x86.ActiveCfg = Debug|Win32
		{5D4A8F2F-0BE4-48FC-B939-E9B5AC54D2D2}.Debug|x86.Build.0 = Debug|Win32
		{5D4A8F2F-0BE4-48FC-B939-E9B5AC54D2D2}.Release|x64.ActiveCfg = Release|x64
		{5D4A8F2F-0BE4-48FC-B939-E9B5AC54D2D2}.Release|x64.Build.0 = Release|x64
		{5D4A8F2F-0BE4-48FC-B939-E9B5AC54D2D2}.Release|x86.ActiveCfg = Release|Win32
		{5D4A8F2F-0BE4-48FC-B939-E9B5AC54D2D2}.Release|x86.Build.0 = Release|Win32
		{35C8100C-3BB6-4268-AA10-462D0D4E33A1}.Debug|x64.ActiveCfg = Debug|x64
		{35C8100C-3BB6-4268-AA10-462D0D4E33A1}.Debug|x64.Build.0 = Debug|x64
		{35C8100C-3BB6-4268-AA10-462D0D4E33A1}.Debug|x86.ActiveCfg = Debug|Win32
		{35C8100C-3BB6-4268-AA10-462D0D4E33A1}.Debug|x86.Build.0 = Debug|Win32
		{35C8100C-3BB6-4268-AA10-462D0D4E33A1}.Release|x64.ActiveCfg = Release|x64
		{35C8100C-3BB6-4268-AA10-462D0D4E33A1}.Release|x64.Build.0 = Release|x64
		{35C8100C-3BB6-4268-AA10-462D0D4E33A1}.Release|x86.ActiveCfg = Release|Win32
		{35C8100C-3BB6-4268-AA10-462D0D4E33A1}.Release|x86.Build.0 = Release|Win32
		{33FF3E6E-C339-43EB-B744-B75B41B407B5}.Debug|x64.ActiveCfg = Debug|x64
		{33FF3E6E-C339-43EB-B744-B75B41B407B5}.Debug|x64.Build.0 = Debug|x64
		{33FF3E6E-C339-43EB-B744-B75B41B407B5}.Debug|x86.ActiveCfg = Debug|Win32
		{33FF3E6E-C339-43EB-B744-B75B41B407B5}.Debug|x86.Build.0 = Debug|Win32
		{33FF3E6E-C339-43EB-B744-B75B41B407B5}.Release|x64.ActiveCfg = Release|x64
		{33FF3E6E-C339-43EB-B744-B75B41B407B5}.Release|x64.Build.0 = Release|x64
		{33FF3E6E-C339-43EB-B744-B75B41B407B5}.Release|x86.ActiveCfg = Release|Win32
		{33FF3E6E-C339-43EB-B744-B75B41B407B5}.Release|x86.Build.0 = Release|Win32
		{2A1EE925-C9D8-4ADA-8DA0-32AC49962BE5}.Debug|x64.ActiveCfg = Debug|x64
		{2A1EE925-C9D8-4ADA-8DA0-32AC49962BE5}.Debug|x64.Build.0 = Debug|x64
		{2A1EE925-C9D8-4ADA-8DA0-32AC49962BE5}.Debug|x86.ActiveCfg = Debug|Win32
		{2A1EE925-C9D8-4ADA-8DA0-32AC49962BE5}.Debug|x86.Build.0 = Debug|Win32
		{2A1EE925-C9D8-4ADA-8DA0-32AC49962BE5}.Release|x64.ActiveCfg = Release|x64
		{2A1EE925-C9D8-4ADA-8DA0-32AC49962BE5}.Release|x64.Build.0 = Release|x64
		{2A1EE925-C9D8-4ADA-8DA0-32AC49962BE5}.Release|x86.ActiveCfg = Release|Win32
		{2A1EE925-C9D8-4ADA-8DA0-32AC49962BE5}.Release|x86.Build.0 = Release|Win32
		{6CE62C78-B7E0-44D0-9F32-C5D78EAA3491}.Debug|x64.ActiveCfg = Debug|x64
		{6CE62C78-B7E0-44D0-9F32-C5D78EAA3491}.Debug|x64.Build.0 = Debug|x64
		{6CE62C78-B7E0-44D0-9F32-C5D78EAA3491}.Debug|x86.ActiveCfg = Debug|Win32
		{6CE62C78-B7E0-44D0-9F32-C5D78EAA3491}.Debug|x86.Build.0 = Debug|Win32
		{6CE62C78-B7E0-44D0-9F32-C5D78EAA3491}.Release|x64.ActiveCfg = Release|x64
		{6CE62C78-B7E0-44D0-9F32-C5D78EAA3491}.Release|x64.Build.0 = Release|x64
		{6CE62C78-B7E0-44D0-9F32-C5D78EAA3491}.Release|x86.ActiveCfg = Release|Win32
		{6CE62C78-B7E0-44D0-9F32-C5D78EAA3491}.Release|x86.Build.0 = Release|Win32
		{6BE06303-197C-4186-AF6C-E9883111DA32}.Debug|x64.ActiveCfg = Debug|x64
		{6BE06303-197C-4186-AF6C-E9883111DA32}.Debug|x64.Build.0 = Debug|x64
		{6BE06303-197C-4186-AF6C-E9883111DA32}.Debug|x86.ActiveCfg = Debug|Win32
		{6BE06303-197C-4186-AF6C-E9883111DA32}.Debug|x86.Build.0 = Debug|Win32
		{6BE06303-197C-4186-AF6C-E9883111DA32}.Release|x64.ActiveCfg = Release|x64
		{6BE06303-197C-4186-AF6C-E9883111DA32}.Release|x64.Build.0 = Release|x64
		{6BE06303-197C-4186-AF6C-E9883111DA32}.Release|x86.ActiveCfg = Release|Win32
		{6BE06303-197C-4186-AF6C-E9883111DA32}.Release|x86.Build.0 = Release|Win32
	EndGlobalSection
	GlobalSection(SolutionProperties) = preSolution
		HideSolutionNode = FALSE
	EndGlobalSection
EndGlobal
